#MicroXplorer Configuration settings - do not modify
Mcu.Family=STM32F1
NVIC.SysTick_IRQn=true\:0\:0\:false\:false\:true\:false\:true
ProjectManager.LastFirmware=true
ProjectManager.MainLocation=Core/Src
ProjectManager.FirmwarePackage=STM32Cube FW_F1 V1.8.3
MxDb.Version=DB.6.0.21
ProjectManager.ProjectFileName=Tensao_Bateria.ioc
RCC.APB2Freq_Value=8000000
ProjectManager.BackupPrevious=false
MxCube.Version=6.2.1
ADC1.Rank-0\#ChannelRegularConversion=1
ProjectManager.KeepUserCode=true
PA10.Mode=Asynchronous
Mcu.UserName=STM32F103C8Tx
Mcu.PinsNb=5
SH.ADCx_IN1.ConfNb=1
ADC1.ContinuousConvMode=ENABLE
ProjectManager.NoMain=false
File.Version=6
VP_SYS_VS_Systick.Mode=SysTick
VP_SYS_VS_ND.Signal=SYS_VS_ND
ADC1.IPParameters=Rank-0\#ChannelRegularConversion,master,Channel-0\#ChannelRegularConversion,SamplingTime-0\#ChannelRegularConversion,NbrOfConversionFlag,ContinuousConvMode
RCC.PLLCLKFreq_Value=8000000
NVIC.NonMaskableInt_IRQn=true\:0\:0\:false\:false\:true\:false\:false
NVIC.PendSV_IRQn=true\:0\:0\:false\:false\:true\:false\:false
ProjectManager.functionlistsort=1-SystemClock_Config-RCC-false-HAL-false
ProjectManager.FreePins=false
RCC.IPParameters=APB1Freq_Value,APB2Freq_Value,FamilyName,PLLCLKFreq_Value,PLLMCOFreq_Value,TimSysFreq_Value
ProjectManager.DefaultFWLocation=true
ProjectManager.AskForMigrate=true
Mcu.Name=STM32F103C(8-B)Tx
ProjectManager.HalAssertFull=false
ADC1.SamplingTime-0\#ChannelRegularConversion=ADC_SAMPLETIME_1CYCLE_5
ProjectManager.DeletePrevious=true
ProjectManager.ProjectName=Tensao_Bateria
ProjectManager.UnderRoot=true
USART1.IPParameters=VirtualMode
VP_SYS_VS_ND.Mode=No_Debug
RCC.PLLMCOFreq_Value=4000000
ProjectManager.CoupleFile=false
PinOutPanel.RotationAngle=0
Mcu.Package=LQFP48
RCC.FamilyName=M
RCC.TimSysFreq_Value=8000000
ADC1.master=1
ProjectManager.StackSize=0x400
NVIC.ForceEnableDMAVector=true
KeepUserPlacement=false
NVIC.MemoryManagement_IRQn=true\:0\:0\:false\:false\:true\:false\:false
Mcu.IP4=USART1
USART1.VirtualMode=VM_ASYNC
ProjectManager.CompilerOptimize=6
NVIC.SVCall_IRQn=true\:0\:0\:false\:false\:true\:false\:false
Mcu.IP2=RCC
ProjectManager.ToolChainLocation=
Mcu.IP3=SYS
VP_SYS_VS_Systick.Signal=SYS_VS_Systick
Mcu.IP0=ADC1
PA9.Mode=Asynchronous
Mcu.IP1=NVIC
PA10.Signal=USART1_RX
ProjectManager.HeapSize=0x200
NVIC.HardFault_IRQn=true\:0\:0\:false\:false\:true\:false\:false
Mcu.UserConstants=
ProjectManager.TargetToolchain=STM32CubeIDE
ProjectManager.ComputerToolchain=false
Mcu.ThirdPartyNb=0
NVIC.PriorityGroup=NVIC_PRIORITYGROUP_4
ADC1.NbrOfConversionFlag=1
SH.ADCx_IN1.0=ADC1_IN1,IN1
Mcu.IPNb=5
ProjectManager.PreviousToolchain=
PA9.Signal=USART1_TX
NVIC.BusFault_IRQn=true\:0\:0\:false\:false\:true\:false\:false
ProjectManager.RegisterCallBack=
RCC.APB1Freq_Value=8000000
PA1.Signal=ADCx_IN1
Mcu.Pin0=PA1
Mcu.Pin1=PA9
GPIO.groupedBy=Group By Peripherals
Mcu.Pin2=PA10
ProjectManager.CustomerFirmwarePackage=
Mcu.Pin3=VP_SYS_VS_ND
ProjectManager.DeviceId=STM32F103C8Tx
Mcu.Pin4=VP_SYS_VS_Systick
ProjectManager.LibraryCopy=1
ADC1.Channel-0\#ChannelRegularConversion=ADC_CHANNEL_1
ProjectManager.ProjectBuild=false
NVIC.UsageFault_IRQn=true\:0\:0\:false\:false\:true\:false\:false
NVIC.DebugMonitor_IRQn=true\:0\:0\:false\:false\:true\:false\:false
board=custom
isbadioc=false
